// !$*UTF8*$!
{
	archiveVersion = 1;
	classes = {
	};
	objectVersion = 52;
	objects = {

/* Begin PBXBuildFile section */
		7D02D33629DEC6940086EC3C /* AudioMetrics.swift in Sources */ = {isa = PBXBuildFile; fileRef = 7D02D33529DEC6940086EC3C /* AudioMetrics.swift */; };
		7D5BE0CA2A6FEAA800CFBDAF /* LicenseManager.swift in Sources */ = {isa = PBXBuildFile; fileRef = 7D5BE0C82A6FEAA800CFBDAF /* LicenseManager.swift */; };
		7D5BE0CB2A6FEAA800CFBDAF /* LicenseError.swift in Sources */ = {isa = PBXBuildFile; fileRef = 7D5BE0C92A6FEAA800CFBDAF /* LicenseError.swift */; };
		7D5BE0CE2A6FEB8A00CFBDAF /* LicenseViewController.swift in Sources */ = {isa = PBXBuildFile; fileRef = 7D5BE0CD2A6FEB8A00CFBDAF /* LicenseViewController.swift */; };
		7D7871BC29DD8CBE00C68594 /* IDError.swift in Sources */ = {isa = PBXBuildFile; fileRef = 7D7871B929DD8CBE00C68594 /* IDError.swift */; };
		7D7871C329DD9A7100C68594 /* SNRChecker.swift in Sources */ = {isa = PBXBuildFile; fileRef = 7D7871BF29DD9A7000C68594 /* SNRChecker.swift */; };
		7D7871C629DD9A7100C68594 /* AudioChunkProcessor.swift in Sources */ = {isa = PBXBuildFile; fileRef = 7D7871C229DD9A7000C68594 /* AudioChunkProcessor.swift */; };
		7D7871C829DD9EAA00C68594 /* AudioRecording.swift in Sources */ = {isa = PBXBuildFile; fileRef = 7D7871C729DD9EAA00C68594 /* AudioRecording.swift */; };
		7D7871CA29DDA09900C68594 /* Info.swift in Sources */ = {isa = PBXBuildFile; fileRef = 7D7871C929DDA09900C68594 /* Info.swift */; };
		7DC384BB283791BF008C6D35 /* WAVFormat.swift in Sources */ = {isa = PBXBuildFile; fileRef = 7DC384BA283791BE008C6D35 /* WAVFormat.swift */; };
		7DDFB54E29DCA58100C95A93 /* liveness in Resources */ = {isa = PBXBuildFile; fileRef = 7DDFB54D29DCA58100C95A93 /* liveness */; };
		8115E584270DBD44001D0348 /* VoiceSdk.xcframework in Frameworks */ = {isa = PBXBuildFile; fileRef = 8115E582270DBCBC001D0348 /* VoiceSdk.xcframework */; };
		8115E585270DBD44001D0348 /* VoiceSdk.xcframework in Embed Frameworks */ = {isa = PBXBuildFile; fileRef = 8115E582270DBCBC001D0348 /* VoiceSdk.xcframework */; settings = {ATTRIBUTES = (CodeSignOnCopy, RemoveHeadersOnCopy, ); }; };
		811BC11D24D31D1A007AD643 /* ResultViewController.swift in Sources */ = {isa = PBXBuildFile; fileRef = 811BC11C24D31D1A007AD643 /* ResultViewController.swift */; };
		8128EE6824D18A4B00D8123C /* EnginesManager.swift in Sources */ = {isa = PBXBuildFile; fileRef = 8128EE6724D18A4B00D8123C /* EnginesManager.swift */; };
		8134889524D02CFD0002D72D /* Globals.swift in Sources */ = {isa = PBXBuildFile; fileRef = 8134889424D02CFD0002D72D /* Globals.swift */; };
		8134889724D02EA00002D72D /* Extensions.swift in Sources */ = {isa = PBXBuildFile; fileRef = 8134889624D02EA00002D72D /* Extensions.swift */; };
		8134889924D0345A0002D72D /* SettingsViewController.swift in Sources */ = {isa = PBXBuildFile; fileRef = 8134889824D0345A0002D72D /* SettingsViewController.swift */; };
		8134889B24D0356D0002D72D /* EnrollmentViewController.swift in Sources */ = {isa = PBXBuildFile; fileRef = 8134889A24D0356D0002D72D /* EnrollmentViewController.swift */; };
		8134889D24D035E50002D72D /* VerificationViewController.swift in Sources */ = {isa = PBXBuildFile; fileRef = 8134889C24D035E50002D72D /* VerificationViewController.swift */; };
		813488A124D0601E0002D72D /* RecordingViewController.swift in Sources */ = {isa = PBXBuildFile; fileRef = 813488A024D0601E0002D72D /* RecordingViewController.swift */; };
		814E8993270DC49B003365BB /* AudioRecorder.swift in Sources */ = {isa = PBXBuildFile; fileRef = 814E8991270DC49B003365BB /* AudioRecorder.swift */; };
		814E8994270DC49B003365BB /* AudioRecorderBase.swift in Sources */ = {isa = PBXBuildFile; fileRef = 814E8992270DC49B003365BB /* AudioRecorderBase.swift */; };
		81D32A4625090B1C0073E410 /* verify in Resources */ = {isa = PBXBuildFile; fileRef = 81D32A4325090B1C0073E410 /* verify */; };
		81D32A4725090B1C0073E410 /* media in Resources */ = {isa = PBXBuildFile; fileRef = 81D32A4425090B1C0073E410 /* media */; };
		81DBC1DE24D0281500FEC180 /* AppDelegate.swift in Sources */ = {isa = PBXBuildFile; fileRef = 81DBC1DD24D0281500FEC180 /* AppDelegate.swift */; };
		81DBC1E224D0281500FEC180 /* MainViewController.swift in Sources */ = {isa = PBXBuildFile; fileRef = 81DBC1E124D0281500FEC180 /* MainViewController.swift */; };
		81DBC1E524D0281500FEC180 /* Main.storyboard in Resources */ = {isa = PBXBuildFile; fileRef = 81DBC1E324D0281500FEC180 /* Main.storyboard */; };
		81DBC1E724D0281700FEC180 /* Assets.xcassets in Resources */ = {isa = PBXBuildFile; fileRef = 81DBC1E624D0281700FEC180 /* Assets.xcassets */; };
		81DBC1EA24D0281700FEC180 /* LaunchScreen.storyboard in Resources */ = {isa = PBXBuildFile; fileRef = 81DBC1E824D0281700FEC180 /* LaunchScreen.storyboard */; };
/* End PBXBuildFile section */

/* Begin PBXCopyFilesBuildPhase section */
		8134888B24D029D70002D72D /* Embed Frameworks */ = {
			isa = PBXCopyFilesBuildPhase;
			buildActionMask = 2147483647;
			dstPath = "";
			dstSubfolderSpec = 10;
			files = (
				8115E585270DBD44001D0348 /* VoiceSdk.xcframework in Embed Frameworks */,
			);
			name = "Embed Frameworks";
			runOnlyForDeploymentPostprocessing = 0;
		};
/* End PBXCopyFilesBuildPhase section */

/* Begin PBXFileReference section */
		7D02D33529DEC6940086EC3C /* AudioMetrics.swift */ = {isa = PBXFileReference; lastKnownFileType = sourcecode.swift; path = AudioMetrics.swift; sourceTree = "<group>"; };
		7D5BE0C82A6FEAA800CFBDAF /* LicenseManager.swift */ = {isa = PBXFileReference; fileEncoding = 4; lastKnownFileType = sourcecode.swift; path = LicenseManager.swift; sourceTree = "<group>"; };
		7D5BE0C92A6FEAA800CFBDAF /* LicenseError.swift */ = {isa = PBXFileReference; fileEncoding = 4; lastKnownFileType = sourcecode.swift; path = LicenseError.swift; sourceTree = "<group>"; };
		7D5BE0CD2A6FEB8A00CFBDAF /* LicenseViewController.swift */ = {isa = PBXFileReference; fileEncoding = 4; lastKnownFileType = sourcecode.swift; path = LicenseViewController.swift; sourceTree = "<group>"; };
		7D7871B929DD8CBE00C68594 /* IDError.swift */ = {isa = PBXFileReference; fileEncoding = 4; lastKnownFileType = sourcecode.swift; path = IDError.swift; sourceTree = "<group>"; };
		7D7871BF29DD9A7000C68594 /* SNRChecker.swift */ = {isa = PBXFileReference; fileEncoding = 4; lastKnownFileType = sourcecode.swift; path = SNRChecker.swift; sourceTree = "<group>"; };
		7D7871C229DD9A7000C68594 /* AudioChunkProcessor.swift */ = {isa = PBXFileReference; fileEncoding = 4; lastKnownFileType = sourcecode.swift; path = AudioChunkProcessor.swift; sourceTree = "<group>"; };
		7D7871C729DD9EAA00C68594 /* AudioRecording.swift */ = {isa = PBXFileReference; fileEncoding = 4; lastKnownFileType = sourcecode.swift; path = AudioRecording.swift; sourceTree = "<group>"; };
		7D7871C929DDA09900C68594 /* Info.swift */ = {isa = PBXFileReference; fileEncoding = 4; lastKnownFileType = sourcecode.swift; path = Info.swift; sourceTree = "<group>"; };
		7DC384BA283791BE008C6D35 /* WAVFormat.swift */ = {isa = PBXFileReference; fileEncoding = 4; lastKnownFileType = sourcecode.swift; path = WAVFormat.swift; sourceTree = "<group>"; };
		7DDFB54D29DCA58100C95A93 /* liveness */ = {isa = PBXFileReference; lastKnownFileType = folder; name = liveness; path = VoiceSDK/liveness; sourceTree = "<group>"; };
		8115E582270DBCBC001D0348 /* VoiceSdk.xcframework */ = {isa = PBXFileReference; lastKnownFileType = wrapper.xcframework; name = VoiceSdk.xcframework; path = VoiceSDK/VoiceSdk.xcframework; sourceTree = "<group>"; };
		811BC11C24D31D1A007AD643 /* ResultViewController.swift */ = {isa = PBXFileReference; lastKnownFileType = sourcecode.swift; path = ResultViewController.swift; sourceTree = "<group>"; };
		811DAE8425D54FD4008541D3 /* AudioRecorder.swift */ = {isa = PBXFileReference; lastKnownFileType = sourcecode.swift; path = AudioRecorder.swift; sourceTree = "<group>"; };
		81259A6625D55C3B0012F53C /* WAVFormat.swift */ = {isa = PBXFileReference; lastKnownFileType = sourcecode.swift; path = WAVFormat.swift; sourceTree = "<group>"; };
		8128EE6724D18A4B00D8123C /* EnginesManager.swift */ = {isa = PBXFileReference; lastKnownFileType = sourcecode.swift; path = EnginesManager.swift; sourceTree = "<group>"; };
		8134889424D02CFD0002D72D /* Globals.swift */ = {isa = PBXFileReference; lastKnownFileType = sourcecode.swift; path = Globals.swift; sourceTree = "<group>"; };
		8134889624D02EA00002D72D /* Extensions.swift */ = {isa = PBXFileReference; lastKnownFileType = sourcecode.swift; path = Extensions.swift; sourceTree = "<group>"; };
		8134889824D0345A0002D72D /* SettingsViewController.swift */ = {isa = PBXFileReference; lastKnownFileType = sourcecode.swift; path = SettingsViewController.swift; sourceTree = "<group>"; };
		8134889A24D0356D0002D72D /* EnrollmentViewController.swift */ = {isa = PBXFileReference; lastKnownFileType = sourcecode.swift; path = EnrollmentViewController.swift; sourceTree = "<group>"; };
		8134889C24D035E50002D72D /* VerificationViewController.swift */ = {isa = PBXFileReference; lastKnownFileType = sourcecode.swift; path = VerificationViewController.swift; sourceTree = "<group>"; };
		813488A024D0601E0002D72D /* RecordingViewController.swift */ = {isa = PBXFileReference; lastKnownFileType = sourcecode.swift; path = RecordingViewController.swift; sourceTree = "<group>"; };
		814E8991270DC49B003365BB /* AudioRecorder.swift */ = {isa = PBXFileReference; fileEncoding = 4; lastKnownFileType = sourcecode.swift; path = AudioRecorder.swift; sourceTree = "<group>"; };
		814E8992270DC49B003365BB /* AudioRecorderBase.swift */ = {isa = PBXFileReference; fileEncoding = 4; lastKnownFileType = sourcecode.swift; path = AudioRecorderBase.swift; sourceTree = "<group>"; };
		81D32A4325090B1C0073E410 /* verify */ = {isa = PBXFileReference; lastKnownFileType = folder; name = verify; path = VoiceSDK/verify; sourceTree = "<group>"; };
		81D32A4425090B1C0073E410 /* media */ = {isa = PBXFileReference; lastKnownFileType = folder; name = media; path = VoiceSDK/media; sourceTree = "<group>"; };
		81DBC1DA24D0281500FEC180 /* IDVoice-Example.app */ = {isa = PBXFileReference; explicitFileType = wrapper.application; includeInIndex = 0; path = "IDVoice-Example.app"; sourceTree = BUILT_PRODUCTS_DIR; };
		81DBC1DD24D0281500FEC180 /* AppDelegate.swift */ = {isa = PBXFileReference; lastKnownFileType = sourcecode.swift; path = AppDelegate.swift; sourceTree = "<group>"; };
		81DBC1E124D0281500FEC180 /* MainViewController.swift */ = {isa = PBXFileReference; lastKnownFileType = sourcecode.swift; path = MainViewController.swift; sourceTree = "<group>"; };
		81DBC1E424D0281500FEC180 /* Base */ = {isa = PBXFileReference; lastKnownFileType = file.storyboard; name = Base; path = Base.lproj/Main.storyboard; sourceTree = "<group>"; };
		81DBC1E624D0281700FEC180 /* Assets.xcassets */ = {isa = PBXFileReference; lastKnownFileType = folder.assetcatalog; path = Assets.xcassets; sourceTree = "<group>"; };
		81DBC1E924D0281700FEC180 /* Base */ = {isa = PBXFileReference; lastKnownFileType = file.storyboard; name = Base; path = Base.lproj/LaunchScreen.storyboard; sourceTree = "<group>"; };
		81DBC1EB24D0281700FEC180 /* Info.plist */ = {isa = PBXFileReference; lastKnownFileType = text.plist.xml; path = Info.plist; sourceTree = "<group>"; };
/* End PBXFileReference section */

/* Begin PBXFrameworksBuildPhase section */
		81DBC1D724D0281500FEC180 /* Frameworks */ = {
			isa = PBXFrameworksBuildPhase;
			buildActionMask = 2147483647;
			files = (
				8115E584270DBD44001D0348 /* VoiceSdk.xcframework in Frameworks */,
			);
			runOnlyForDeploymentPostprocessing = 0;
		};
/* End PBXFrameworksBuildPhase section */

/* Begin PBXGroup section */
		7D5BE0CC2A6FEAB500CFBDAF /* License */ = {
			isa = PBXGroup;
			children = (
				7D5BE0C92A6FEAA800CFBDAF /* LicenseError.swift */,
				7D5BE0C82A6FEAA800CFBDAF /* LicenseManager.swift */,
			);
			path = License;
			sourceTree = "<group>";
		};
		7D7871BE29DD9A5700C68594 /* AudioProcessors */ = {
			isa = PBXGroup;
			children = (
				7D7871C229DD9A7000C68594 /* AudioChunkProcessor.swift */,
				7D7871BF29DD9A7000C68594 /* SNRChecker.swift */,
			);
			path = AudioProcessors;
			sourceTree = "<group>";
		};
		8128EE6924D1A30100D8123C /* Recorders */ = {
			isa = PBXGroup;
			children = (
				7D7871C729DD9EAA00C68594 /* AudioRecording.swift */,
				7D02D33529DEC6940086EC3C /* AudioMetrics.swift */,
				7D7871B929DD8CBE00C68594 /* IDError.swift */,
				814E8991270DC49B003365BB /* AudioRecorder.swift */,
				814E8992270DC49B003365BB /* AudioRecorderBase.swift */,
				7DC384BA283791BE008C6D35 /* WAVFormat.swift */,
			);
			path = Recorders;
			sourceTree = "<group>";
		};
		8134889E24D037B40002D72D /* Support */ = {
			isa = PBXGroup;
			children = (
				81DBC1DD24D0281500FEC180 /* AppDelegate.swift */,
				81DBC1E624D0281700FEC180 /* Assets.xcassets */,
				81DBC1E824D0281700FEC180 /* LaunchScreen.storyboard */,
			);
			path = Support;
			sourceTree = "<group>";
		};
		8134889F24D037D30002D72D /* Screens */ = {
			isa = PBXGroup;
			children = (
				81DBC1E124D0281500FEC180 /* MainViewController.swift */,
				8134889A24D0356D0002D72D /* EnrollmentViewController.swift */,
				8134889C24D035E50002D72D /* VerificationViewController.swift */,
				813488A024D0601E0002D72D /* RecordingViewController.swift */,
				8134889824D0345A0002D72D /* SettingsViewController.swift */,
				811BC11C24D31D1A007AD643 /* ResultViewController.swift */,
				7D5BE0CD2A6FEB8A00CFBDAF /* LicenseViewController.swift */,
			);
			path = Screens;
			sourceTree = "<group>";
		};
		819465CB27183CB200098E42 /* Recovered References */ = {
			isa = PBXGroup;
			children = (
				811DAE8425D54FD4008541D3 /* AudioRecorder.swift */,
				81259A6625D55C3B0012F53C /* WAVFormat.swift */,
			);
			name = "Recovered References";
			sourceTree = "<group>";
		};
		81DBC1D124D0281500FEC180 = {
			isa = PBXGroup;
			children = (
				7DDFB54D29DCA58100C95A93 /* liveness */,
				81D32A4425090B1C0073E410 /* media */,
				81D32A4325090B1C0073E410 /* verify */,
				8115E582270DBCBC001D0348 /* VoiceSdk.xcframework */,
				81DBC1DC24D0281500FEC180 /* IDVoice-Example */,
				81DBC1DB24D0281500FEC180 /* Products */,
				819465CB27183CB200098E42 /* Recovered References */,
			);
			sourceTree = "<group>";
		};
		81DBC1DB24D0281500FEC180 /* Products */ = {
			isa = PBXGroup;
			children = (
				81DBC1DA24D0281500FEC180 /* IDVoice-Example.app */,
			);
			name = Products;
			sourceTree = "<group>";
		};
		81DBC1DC24D0281500FEC180 /* IDVoice-Example */ = {
			isa = PBXGroup;
			children = (
				8134889424D02CFD0002D72D /* Globals.swift */,
				7D7871C929DDA09900C68594 /* Info.swift */,
				8134889624D02EA00002D72D /* Extensions.swift */,
				7D5BE0CC2A6FEAB500CFBDAF /* License */,
				7D7871BE29DD9A5700C68594 /* AudioProcessors */,
				8128EE6924D1A30100D8123C /* Recorders */,
				8128EE6724D18A4B00D8123C /* EnginesManager.swift */,
				8134889F24D037D30002D72D /* Screens */,
				8134889E24D037B40002D72D /* Support */,
				81DBC1E324D0281500FEC180 /* Main.storyboard */,
				81DBC1EB24D0281700FEC180 /* Info.plist */,
			);
			path = "IDVoice-Example";
			sourceTree = "<group>";
		};
/* End PBXGroup section */

/* Begin PBXNativeTarget section */
		81DBC1D924D0281500FEC180 /* IDVoice-Example */ = {
			isa = PBXNativeTarget;
			buildConfigurationList = 81DBC1EE24D0281700FEC180 /* Build configuration list for PBXNativeTarget "IDVoice-Example" */;
			buildPhases = (
				81DBC1D624D0281500FEC180 /* Sources */,
				81DBC1D724D0281500FEC180 /* Frameworks */,
				81DBC1D824D0281500FEC180 /* Resources */,
				8134888B24D029D70002D72D /* Embed Frameworks */,
			);
			buildRules = (
			);
			dependencies = (
			);
			name = "IDVoice-Example";
			productName = "IDVoice-Example";
			productReference = 81DBC1DA24D0281500FEC180 /* IDVoice-Example.app */;
			productType = "com.apple.product-type.application";
		};
/* End PBXNativeTarget section */

/* Begin PBXProject section */
		81DBC1D224D0281500FEC180 /* Project object */ = {
			isa = PBXProject;
			attributes = {
				LastSwiftUpdateCheck = 1160;
				LastUpgradeCheck = 1160;
				ORGANIZATIONNAME = "ID R&D";
				TargetAttributes = {
					81DBC1D924D0281500FEC180 = {
						CreatedOnToolsVersion = 11.6;
					};
				};
			};
			buildConfigurationList = 81DBC1D524D0281500FEC180 /* Build configuration list for PBXProject "IDVoice-Example" */;
			compatibilityVersion = "Xcode 9.3";
			developmentRegion = en;
			hasScannedForEncodings = 0;
			knownRegions = (
				en,
				Base,
			);
			mainGroup = 81DBC1D124D0281500FEC180;
			productRefGroup = 81DBC1DB24D0281500FEC180 /* Products */;
			projectDirPath = "";
			projectRoot = "";
			targets = (
				81DBC1D924D0281500FEC180 /* IDVoice-Example */,
			);
		};
/* End PBXProject section */

/* Begin PBXResourcesBuildPhase section */
		81DBC1D824D0281500FEC180 /* Resources */ = {
			isa = PBXResourcesBuildPhase;
			buildActionMask = 2147483647;
			files = (
				81DBC1EA24D0281700FEC180 /* LaunchScreen.storyboard in Resources */,
				81DBC1E724D0281700FEC180 /* Assets.xcassets in Resources */,
				7DDFB54E29DCA58100C95A93 /* liveness in Resources */,
				81D32A4725090B1C0073E410 /* media in Resources */,
				81DBC1E524D0281500FEC180 /* Main.storyboard in Resources */,
				81D32A4625090B1C0073E410 /* verify in Resources */,
			);
			runOnlyForDeploymentPostprocessing = 0;
		};
/* End PBXResourcesBuildPhase section */

/* Begin PBXSourcesBuildPhase section */
		81DBC1D624D0281500FEC180 /* Sources */ = {
			isa = PBXSourcesBuildPhase;
			buildActionMask = 2147483647;
			files = (
				814E8994270DC49B003365BB /* AudioRecorderBase.swift in Sources */,
				811BC11D24D31D1A007AD643 /* ResultViewController.swift in Sources */,
				7D7871C629DD9A7100C68594 /* AudioChunkProcessor.swift in Sources */,
				8134889724D02EA00002D72D /* Extensions.swift in Sources */,
				7D7871C329DD9A7100C68594 /* SNRChecker.swift in Sources */,
				7D7871CA29DDA09900C68594 /* Info.swift in Sources */,
				813488A124D0601E0002D72D /* RecordingViewController.swift in Sources */,
				8134889524D02CFD0002D72D /* Globals.swift in Sources */,
				7D5BE0CB2A6FEAA800CFBDAF /* LicenseError.swift in Sources */,
				8134889D24D035E50002D72D /* VerificationViewController.swift in Sources */,
				814E8993270DC49B003365BB /* AudioRecorder.swift in Sources */,
				7D7871C829DD9EAA00C68594 /* AudioRecording.swift in Sources */,
				81DBC1E224D0281500FEC180 /* MainViewController.swift in Sources */,
				7D02D33629DEC6940086EC3C /* AudioMetrics.swift in Sources */,
				7D5BE0CE2A6FEB8A00CFBDAF /* LicenseViewController.swift in Sources */,
				7D5BE0CA2A6FEAA800CFBDAF /* LicenseManager.swift in Sources */,
				7DC384BB283791BF008C6D35 /* WAVFormat.swift in Sources */,
				8134889B24D0356D0002D72D /* EnrollmentViewController.swift in Sources */,
				81DBC1DE24D0281500FEC180 /* AppDelegate.swift in Sources */,
				8128EE6824D18A4B00D8123C /* EnginesManager.swift in Sources */,
				8134889924D0345A0002D72D /* SettingsViewController.swift in Sources */,
				7D7871BC29DD8CBE00C68594 /* IDError.swift in Sources */,
			);
			runOnlyForDeploymentPostprocessing = 0;
		};
/* End PBXSourcesBuildPhase section */

/* Begin PBXVariantGroup section */
		81DBC1E324D0281500FEC180 /* Main.storyboard */ = {
			isa = PBXVariantGroup;
			children = (
				81DBC1E424D0281500FEC180 /* Base */,
			);
			name = Main.storyboard;
			sourceTree = "<group>";
		};
		81DBC1E824D0281700FEC180 /* LaunchScreen.storyboard */ = {
			isa = PBXVariantGroup;
			children = (
				81DBC1E924D0281700FEC180 /* Base */,
			);
			name = LaunchScreen.storyboard;
			sourceTree = "<group>";
		};
/* End PBXVariantGroup section */

/* Begin XCBuildConfiguration section */
		81DBC1EC24D0281700FEC180 /* Debug */ = {
			isa = XCBuildConfiguration;
			buildSettings = {
				ALWAYS_SEARCH_USER_PATHS = NO;
				CLANG_ANALYZER_NONNULL = YES;
				CLANG_ANALYZER_NUMBER_OBJECT_CONVERSION = YES_AGGRESSIVE;
				CLANG_CXX_LANGUAGE_STANDARD = "gnu++14";
				CLANG_CXX_LIBRARY = "libc++";
				CLANG_ENABLE_MODULES = YES;
				CLANG_ENABLE_OBJC_ARC = YES;
				CLANG_ENABLE_OBJC_WEAK = YES;
				CLANG_WARN_BLOCK_CAPTURE_AUTORELEASING = YES;
				CLANG_WARN_BOOL_CONVERSION = YES;
				CLANG_WARN_COMMA = YES;
				CLANG_WARN_CONSTANT_CONVERSION = YES;
				CLANG_WARN_DEPRECATED_OBJC_IMPLEMENTATIONS = YES;
				CLANG_WARN_DIRECT_OBJC_ISA_USAGE = YES_ERROR;
				CLANG_WARN_DOCUMENTATION_COMMENTS = YES;
				CLANG_WARN_EMPTY_BODY = YES;
				CLANG_WARN_ENUM_CONVERSION = YES;
				CLANG_WARN_INFINITE_RECURSION = YES;
				CLANG_WARN_INT_CONVERSION = YES;
				CLANG_WARN_NON_LITERAL_NULL_CONVERSION = YES;
				CLANG_WARN_OBJC_IMPLICIT_RETAIN_SELF = YES;
				CLANG_WARN_OBJC_LITERAL_CONVERSION = YES;
				CLANG_WARN_OBJC_ROOT_CLASS = YES_ERROR;
				CLANG_WARN_RANGE_LOOP_ANALYSIS = YES;
				CLANG_WARN_STRICT_PROTOTYPES = YES;
				CLANG_WARN_SUSPICIOUS_MOVE = YES;
				CLANG_WARN_UNGUARDED_AVAILABILITY = YES_AGGRESSIVE;
				CLANG_WARN_UNREACHABLE_CODE = YES;
				CLANG_WARN__DUPLICATE_METHOD_MATCH = YES;
				COPY_PHASE_STRIP = NO;
				DEBUG_INFORMATION_FORMAT = dwarf;
				ENABLE_STRICT_OBJC_MSGSEND = YES;
				ENABLE_TESTABILITY = YES;
				"EXCLUDED_ARCHS[sdk=iphonesimulator*]" = arm64;
				GCC_C_LANGUAGE_STANDARD = gnu11;
				GCC_DYNAMIC_NO_PIC = NO;
				GCC_NO_COMMON_BLOCKS = YES;
				GCC_OPTIMIZATION_LEVEL = 0;
				GCC_PREPROCESSOR_DEFINITIONS = (
					"DEBUG=1",
					"$(inherited)",
				);
				GCC_WARN_64_TO_32_BIT_CONVERSION = YES;
				GCC_WARN_ABOUT_RETURN_TYPE = YES_ERROR;
				GCC_WARN_UNDECLARED_SELECTOR = YES;
				GCC_WARN_UNINITIALIZED_AUTOS = YES_AGGRESSIVE;
				GCC_WARN_UNUSED_FUNCTION = YES;
				GCC_WARN_UNUSED_VARIABLE = YES;
				IPHONEOS_DEPLOYMENT_TARGET = 10.0;
				MTL_ENABLE_DEBUG_INFO = INCLUDE_SOURCE;
				MTL_FAST_MATH = YES;
				ONLY_ACTIVE_ARCH = YES;
				SDKROOT = iphoneos;
				SWIFT_ACTIVE_COMPILATION_CONDITIONS = DEBUG;
				SWIFT_OPTIMIZATION_LEVEL = "-Onone";
				VALID_ARCHS = arm64;
			};
			name = Debug;
		};
		81DBC1ED24D0281700FEC180 /* Release */ = {
			isa = XCBuildConfiguration;
			buildSettings = {
				ALWAYS_SEARCH_USER_PATHS = NO;
				CLANG_ANALYZER_NONNULL = YES;
				CLANG_ANALYZER_NUMBER_OBJECT_CONVERSION = YES_AGGRESSIVE;
				CLANG_CXX_LANGUAGE_STANDARD = "gnu++14";
				CLANG_CXX_LIBRARY = "libc++";
				CLANG_ENABLE_MODULES = YES;
				CLANG_ENABLE_OBJC_ARC = YES;
				CLANG_ENABLE_OBJC_WEAK = YES;
				CLANG_WARN_BLOCK_CAPTURE_AUTORELEASING = YES;
				CLANG_WARN_BOOL_CONVERSION = YES;
				CLANG_WARN_COMMA = YES;
				CLANG_WARN_CONSTANT_CONVERSION = YES;
				CLANG_WARN_DEPRECATED_OBJC_IMPLEMENTATIONS = YES;
				CLANG_WARN_DIRECT_OBJC_ISA_USAGE = YES_ERROR;
				CLANG_WARN_DOCUMENTATION_COMMENTS = YES;
				CLANG_WARN_EMPTY_BODY = YES;
				CLANG_WARN_ENUM_CONVERSION = YES;
				CLANG_WARN_INFINITE_RECURSION = YES;
				CLANG_WARN_INT_CONVERSION = YES;
				CLANG_WARN_NON_LITERAL_NULL_CONVERSION = YES;
				CLANG_WARN_OBJC_IMPLICIT_RETAIN_SELF = YES;
				CLANG_WARN_OBJC_LITERAL_CONVERSION = YES;
				CLANG_WARN_OBJC_ROOT_CLASS = YES_ERROR;
				CLANG_WARN_RANGE_LOOP_ANALYSIS = YES;
				CLANG_WARN_STRICT_PROTOTYPES = YES;
				CLANG_WARN_SUSPICIOUS_MOVE = YES;
				CLANG_WARN_UNGUARDED_AVAILABILITY = YES_AGGRESSIVE;
				CLANG_WARN_UNREACHABLE_CODE = YES;
				CLANG_WARN__DUPLICATE_METHOD_MATCH = YES;
				COPY_PHASE_STRIP = NO;
				DEBUG_INFORMATION_FORMAT = "dwarf-with-dsym";
				ENABLE_NS_ASSERTIONS = NO;
				ENABLE_STRICT_OBJC_MSGSEND = YES;
				"EXCLUDED_ARCHS[sdk=iphonesimulator*]" = arm64;
				GCC_C_LANGUAGE_STANDARD = gnu11;
				GCC_NO_COMMON_BLOCKS = YES;
				GCC_WARN_64_TO_32_BIT_CONVERSION = YES;
				GCC_WARN_ABOUT_RETURN_TYPE = YES_ERROR;
				GCC_WARN_UNDECLARED_SELECTOR = YES;
				GCC_WARN_UNINITIALIZED_AUTOS = YES_AGGRESSIVE;
				GCC_WARN_UNUSED_FUNCTION = YES;
				GCC_WARN_UNUSED_VARIABLE = YES;
				IPHONEOS_DEPLOYMENT_TARGET = 10.0;
				MTL_ENABLE_DEBUG_INFO = NO;
				MTL_FAST_MATH = YES;
				SDKROOT = iphoneos;
				SWIFT_COMPILATION_MODE = wholemodule;
				SWIFT_OPTIMIZATION_LEVEL = "-O";
				VALIDATE_PRODUCT = YES;
				VALID_ARCHS = arm64;
			};
			name = Release;
		};
		81DBC1EF24D0281700FEC180 /* Debug */ = {
			isa = XCBuildConfiguration;
			buildSettings = {
				ASSETCATALOG_COMPILER_APPICON_NAME = AppIcon;
				CODE_SIGN_STYLE = Automatic;
				DEVELOPMENT_TEAM = CQQF4ZK23A;
				"EXCLUDED_ARCHS[sdk=iphonesimulator*]" = arm64;
				FRAMEWORK_SEARCH_PATHS = (
					"$(inherited)",
					"$(PROJECT_DIR)/VoiceSDK",
				);
				INFOPLIST_FILE = "IDVoice-Example/Info.plist";
				LD_RUNPATH_SEARCH_PATHS = (
					"$(inherited)",
					"@executable_path/Frameworks",
				);
				MARKETING_VERSION = 3.11.2;
				PRODUCT_BUNDLE_IDENTIFIER = "com.idrnd.IDVoice-Example";
				PRODUCT_NAME = "$(TARGET_NAME)";
				SWIFT_VERSION = 5.0;
				TARGETED_DEVICE_FAMILY = 1;
			};
			name = Debug;
		};
		81DBC1F024D0281700FEC180 /* Release */ = {
			isa = XCBuildConfiguration;
			buildSettings = {
				ASSETCATALOG_COMPILER_APPICON_NAME = AppIcon;
				CODE_SIGN_STYLE = Automatic;
				DEVELOPMENT_TEAM = CQQF4ZK23A;
				"EXCLUDED_ARCHS[sdk=iphonesimulator*]" = arm64;
				FRAMEWORK_SEARCH_PATHS = (
					"$(inherited)",
					"$(PROJECT_DIR)/VoiceSDK",
				);
				INFOPLIST_FILE = "IDVoice-Example/Info.plist";
				LD_RUNPATH_SEARCH_PATHS = (
					"$(inherited)",
					"@executable_path/Frameworks",
				);
				MARKETING_VERSION = 3.11.2;
				PRODUCT_BUNDLE_IDENTIFIER = "com.idrnd.IDVoice-Example";
				PRODUCT_NAME = "$(TARGET_NAME)";
				SWIFT_VERSION = 5.0;
				TARGETED_DEVICE_FAMILY = 1;
			};
			name = Release;
		};
/* End XCBuildConfiguration section */

/* Begin XCConfigurationList section */
		81DBC1D524D0281500FEC180 /* Build configuration list for PBXProject "IDVoice-Example" */ = {
			isa = XCConfigurationList;
			buildConfigurations = (
				81DBC1EC24D0281700FEC180 /* Debug */,
				81DBC1ED24D0281700FEC180 /* Release */,
			);
			defaultConfigurationIsVisible = 0;
			defaultConfigurationName = Release;
		};
		81DBC1EE24D0281700FEC180 /* Build configuration list for PBXNativeTarget "IDVoice-Example" */ = {
			isa = XCConfigurationList;
			buildConfigurations = (
				81DBC1EF24D0281700FEC180 /* Debug */,
				81DBC1F024D0281700FEC180 /* Release */,
			);
			defaultConfigurationIsVisible = 0;
			defaultConfigurationName = Release;
		};
/* End XCConfigurationList section */
	};
	rootObject = 81DBC1D224D0281500FEC180 /* Project object */;
}
